
Microsoft Visual Studio Solution File, Format Version 12.00
# Visual Studio Version 16
VisualStudioVersion = 16.0.30011.22
MinimumVisualStudioVersion = 10.0.40219.1
Project("{FAE04EC0-301F-11D3-BF4B-00C04F79EFBC}") = "ReactShoppingCart.Selenium.SpecFlow", "ReactShoppingCart.Selenium.SpecFlow.csproj", "{8D58C8A8-99D4-4311-8482-BA1ECF371AB6}"
EndProject
Global
	GlobalSection(SolutionConfigurationPlatforms) = preSolution
		Debug|Any CPU = Debug|Any CPU
		Release|Any CPU = Release|Any CPU
	EndGlobalSection
	GlobalSection(ProjectConfigurationPlatforms) = postSolution
		{8D58C8A8-99D4-4311-8482-BA1ECF371AB6}.Debug|Any CPU.ActiveCfg = Debug|Any CPU
		{8D58C8A8-99D4-4311-8482-BA1ECF371AB6}.Debug|Any CPU.Build.0 = Debug|Any CPU
		{8D58C8A8-99D4-4311-8482-BA1ECF371AB6}.Release|Any CPU.ActiveCfg = Release|Any CPU
		{8D58C8A8-99D4-4311-8482-BA1ECF371AB6}.Release|Any CPU.Build.0 = Release|Any CPU
	EndGlobalSection
	GlobalSection(SolutionProperties) = preSolution
		HideSolutionNode = FALSE
	EndGlobalSection
	GlobalSection(ExtensibilityGlobals) = postSolution
		SolutionGuid = {EA1906CE-A005-47A5-BFE9-03D2AE211C9B}
	EndGlobalSection
EndGlobal
